
Microsoft Visual Studio Solution File, Format Version 12.00
# Visual Studio Version 16
VisualStudioVersion = 16.0.31729.503
MinimumVisualStudioVersion = 10.0.40219.1
Project("{9A19103F-16F7-4668-BE54-9A1E7A4F7556}") = "ConsoleApp3", "ConsoleApp3\ConsoleApp3.csproj", "{49D1BC59-96A3-41E7-80A3-8DCAA9365565}"
EndProject
Global
	GlobalSection(SolutionConfigurationPlatforms) = preSolution
		Debug|Any CPU = Debug|Any CPU
		Release|Any CPU = Release|Any CPU
	EndGlobalSection
	GlobalSection(ProjectConfigurationPlatforms) = postSolution
		{49D1BC59-96A3-41E7-80A3-8DCAA9365565}.Debug|Any CPU.ActiveCfg = Debug|Any CPU
		{49D1BC59-96A3-41E7-80A3-8DCAA9365565}.Debug|Any CPU.Build.0 = Debug|Any CPU
		{49D1BC59-96A3-41E7-80A3-8DCAA9365565}.Release|Any CPU.ActiveCfg = Release|Any CPU
		{49D1BC59-96A3-41E7-80A3-8DCAA9365565}.Release|Any CPU.Build.0 = Release|Any CPU
	EndGlobalSection
	GlobalSection(SolutionProperties) = preSolution
		HideSolutionNode = FALSE
	EndGlobalSection
	GlobalSection(ExtensibilityGlobals) = postSolution
		SolutionGuid = {4752CAB3-36F1-4BAF-BEE7-99BA86CE9D81}
	EndGlobalSection
EndGlobal
